
Microsoft Visual Studio Solution File, Format Version 12.00
# Visual Studio Version 17
VisualStudioVersion = 17.10.35027.167
MinimumVisualStudioVersion = 10.0.40219.1
Project("{FAE04EC0-301F-11D3-BF4B-00C04F79EFBC}") = "Kontrolinis darbas", "Kontrolinis darbas\Kontrolinis darbas.csproj", "{AB5FCB39-DA97-4CC9-86B0-4BCB021872E3}"
EndProject
Global
	GlobalSection(SolutionConfigurationPlatforms) = preSolution
		Debug|Any CPU = Debug|Any CPU
		Release|Any CPU = Release|Any CPU
	EndGlobalSection
	GlobalSection(ProjectConfigurationPlatforms) = postSolution
		{AB5FCB39-DA97-4CC9-86B0-4BCB021872E3}.Debug|Any CPU.ActiveCfg = Debug|Any CPU
		{AB5FCB39-DA97-4CC9-86B0-4BCB021872E3}.Debug|Any CPU.Build.0 = Debug|Any CPU
		{AB5FCB39-DA97-4CC9-86B0-4BCB021872E3}.Release|Any CPU.ActiveCfg = Release|Any CPU
		{AB5FCB39-DA97-4CC9-86B0-4BCB021872E3}.Release|Any CPU.Build.0 = Release|Any CPU
	EndGlobalSection
	GlobalSection(SolutionProperties) = preSolution
		HideSolutionNode = FALSE
	EndGlobalSection
	GlobalSection(ExtensibilityGlobals) = postSolution
		SolutionGuid = {87B81D6E-32F7-445E-8F20-75DF0C5CBE93}
	EndGlobalSection
EndGlobal
